// !$*UTF8*$!
{
	archiveVersion = 1;
	classes = {
	};
	objectVersion = 46;
	objects = {

/* Begin PBXBuildFile section */
		963D91FD1E6FF20300C7F55C /* Module1PageView.xib in Resources */ = {isa = PBXBuildFile; fileRef = 963D91FC1E6FF20300C7F55C /* Module1PageView.xib */; };
		963D92041E6FF34E00C7F55C /* Module1ViewController+Override.m in Sources */ = {isa = PBXBuildFile; fileRef = 963D92031E6FF34E00C7F55C /* Module1ViewController+Override.m */; };
		F1AE55D61E6EA808009FCB82 /* main.m in Sources */ = {isa = PBXBuildFile; fileRef = F1AE55D51E6EA808009FCB82 /* main.m */; };
		F1AE55E71E6EA808009FCB82 /* Assets.xcassets in Resources */ = {isa = PBXBuildFile; fileRef = F1AE55E61E6EA808009FCB82 /* Assets.xcassets */; };
		F1AE56041E6EA954009FCB82 /* libMyLib.a in Frameworks */ = {isa = PBXBuildFile; fileRef = F1AE56021E6EA954009FCB82 /* libMyLib.a */; };
		F1AE56091E6EAA49009FCB82 /* img1.png in Resources */ = {isa = PBXBuildFile; fileRef = F1AE56081E6EAA49009FCB82 /* img1.png */; };
		F1AE560E1E6EAC0F009FCB82 /* config.plist in Resources */ = {isa = PBXBuildFile; fileRef = F1AE560D1E6EAC0F009FCB82 /* config.plist */; };
		F1AE564E1E6EC43F009FCB82 /* AppDelegate.m in Sources */ = {isa = PBXBuildFile; fileRef = F1AE564D1E6EC43F009FCB82 /* AppDelegate.m */; };
		F1AE56591E6ECB4C009FCB82 /* CoreBundle1.bundle in Resources */ = {isa = PBXBuildFile; fileRef = F1AE56581E6ECB4C009FCB82 /* CoreBundle1.bundle */; };
		F1D6BE7520AF4C69008D6463 /* Module2ViewController+Override.m in Sources */ = {isa = PBXBuildFile; fileRef = F1D6BE7320AF4C69008D6463 /* Module2ViewController+Override.m */; };
		F1D6BE7B20AF4D34008D6463 /* Module2_2PageView.xib in Resources */ = {isa = PBXBuildFile; fileRef = F1D6BE7A20AF4D34008D6463 /* Module2_2PageView.xib */; };
		F1D6BEB220AF9838008D6463 /* libCore.a in Frameworks */ = {isa = PBXBuildFile; fileRef = F1D6BEB320AF9838008D6463 /* libCore.a */; };
/* End PBXBuildFile section */

/* Begin PBXFileReference section */
		963D91FC1E6FF20300C7F55C /* Module1PageView.xib */ = {isa = PBXFileReference; fileEncoding = 4; lastKnownFileType = file.xib; name = Module1PageView.xib; path = ProductC/Config/Module1PageView.xib; sourceTree = "<group>"; };
		963D92021E6FF34E00C7F55C /* Module1ViewController+Override.h */ = {isa = PBXFileReference; fileEncoding = 4; lastKnownFileType = sourcecode.c.h; path = "Module1ViewController+Override.h"; sourceTree = "<group>"; };
		963D92031E6FF34E00C7F55C /* Module1ViewController+Override.m */ = {isa = PBXFileReference; fileEncoding = 4; lastKnownFileType = sourcecode.c.objc; path = "Module1ViewController+Override.m"; sourceTree = "<group>"; };
		F1AE55D11E6EA808009FCB82 /* ProductC.app */ = {isa = PBXFileReference; explicitFileType = wrapper.application; includeInIndex = 0; path = ProductC.app; sourceTree = BUILT_PRODUCTS_DIR; };
		F1AE55D51E6EA808009FCB82 /* main.m */ = {isa = PBXFileReference; lastKnownFileType = sourcecode.c.objc; path = main.m; sourceTree = "<group>"; };
		F1AE55E61E6EA808009FCB82 /* Assets.xcassets */ = {isa = PBXFileReference; lastKnownFileType = folder.assetcatalog; path = Assets.xcassets; sourceTree = "<group>"; };
		F1AE55EB1E6EA808009FCB82 /* Info.plist */ = {isa = PBXFileReference; lastKnownFileType = text.plist.xml; path = Info.plist; sourceTree = "<group>"; };
		F1AE56011E6EA954009FCB82 /* libCore.a */ = {isa = PBXFileReference; lastKnownFileType = archive.ar; name = libCore.a; path = "../../../../../../../Library/Developer/Xcode/DerivedData/Product1-enezdlrwocmsznheutdxjnedrtfa/Build/Products/Debug-iphonesimulator/libCore.a"; sourceTree = "<group>"; };
		F1AE56021E6EA954009FCB82 /* libMyLib.a */ = {isa = PBXFileReference; lastKnownFileType = archive.ar; name = libMyLib.a; path = "../../../../../../../Library/Developer/Xcode/DerivedData/Product1-enezdlrwocmsznheutdxjnedrtfa/Build/Products/Debug-iphonesimulator/libMyLib.a"; sourceTree = "<group>"; };
		F1AE56081E6EAA49009FCB82 /* img1.png */ = {isa = PBXFileReference; lastKnownFileType = image.png; name = img1.png; path = ProductC/Images/img1.png; sourceTree = "<group>"; };
		F1AE560D1E6EAC0F009FCB82 /* config.plist */ = {isa = PBXFileReference; fileEncoding = 4; lastKnownFileType = text.plist.xml; name = config.plist; path = ProductC/Config/config.plist; sourceTree = "<group>"; };
		F1AE564C1E6EC43F009FCB82 /* AppDelegate.h */ = {isa = PBXFileReference; fileEncoding = 4; lastKnownFileType = sourcecode.c.h; path = AppDelegate.h; sourceTree = "<group>"; };
		F1AE564D1E6EC43F009FCB82 /* AppDelegate.m */ = {isa = PBXFileReference; fileEncoding = 4; lastKnownFileType = sourcecode.c.objc; path = AppDelegate.m; sourceTree = "<group>"; };
		F1AE56581E6ECB4C009FCB82 /* CoreBundle1.bundle */ = {isa = PBXFileReference; lastKnownFileType = "wrapper.plug-in"; path = CoreBundle1.bundle; sourceTree = "<group>"; };
		F1D6BE7320AF4C69008D6463 /* Module2ViewController+Override.m */ = {isa = PBXFileReference; fileEncoding = 4; lastKnownFileType = sourcecode.c.objc; path = "Module2ViewController+Override.m"; sourceTree = "<group>"; };
		F1D6BE7420AF4C69008D6463 /* Module2ViewController+Override.h */ = {isa = PBXFileReference; fileEncoding = 4; lastKnownFileType = sourcecode.c.h; path = "Module2ViewController+Override.h"; sourceTree = "<group>"; };
		F1D6BE7A20AF4D34008D6463 /* Module2_2PageView.xib */ = {isa = PBXFileReference; fileEncoding = 4; lastKnownFileType = file.xib; name = Module2_2PageView.xib; path = ProductC/Config/Module2_2PageView.xib; sourceTree = "<group>"; };
		F1D6BEB320AF9838008D6463 /* libCore.a */ = {isa = PBXFileReference; explicitFileType = archive.ar; path = libCore.a; sourceTree = BUILT_PRODUCTS_DIR; };
/* End PBXFileReference section */

/* Begin PBXFrameworksBuildPhase section */
		F1AE55CE1E6EA808009FCB82 /* Frameworks */ = {
			isa = PBXFrameworksBuildPhase;
			buildActionMask = 2147483647;
			files = (
				F1D6BEB220AF9838008D6463 /* libCore.a in Frameworks */,
				F1AE56041E6EA954009FCB82 /* libMyLib.a in Frameworks */,
			);
			runOnlyForDeploymentPostprocessing = 0;
		};
/* End PBXFrameworksBuildPhase section */

/* Begin PBXGroup section */
		963D92011E6FF34E00C7F55C /* core */ = {
			isa = PBXGroup;
			children = (
				963D92021E6FF34E00C7F55C /* Module1ViewController+Override.h */,
				963D92031E6FF34E00C7F55C /* Module1ViewController+Override.m */,
				F1D6BE7420AF4C69008D6463 /* Module2ViewController+Override.h */,
				F1D6BE7320AF4C69008D6463 /* Module2ViewController+Override.m */,
			);
			path = core;
			sourceTree = "<group>";
		};
		F1AE55C81E6EA808009FCB82 = {
			isa = PBXGroup;
			children = (
				F1AE56581E6ECB4C009FCB82 /* CoreBundle1.bundle */,
				F1AE564C1E6EC43F009FCB82 /* AppDelegate.h */,
				F1AE564D1E6EC43F009FCB82 /* AppDelegate.m */,
				F1AE560A1E6EAAF9009FCB82 /* Config */,
				F1AE56051E6EA9FB009FCB82 /* Images */,
				F1AE55D31E6EA808009FCB82 /* ProductC */,
				F1AE55D21E6EA808009FCB82 /* Products */,
				F1AE56001E6EA953009FCB82 /* Frameworks */,
			);
			sourceTree = "<group>";
		};
		F1AE55D21E6EA808009FCB82 /* Products */ = {
			isa = PBXGroup;
			children = (
				F1AE55D11E6EA808009FCB82 /* ProductC.app */,
			);
			name = Products;
			sourceTree = "<group>";
		};
		F1AE55D31E6EA808009FCB82 /* ProductC */ = {
			isa = PBXGroup;
			children = (
				963D92011E6FF34E00C7F55C /* core */,
				F1AE55E61E6EA808009FCB82 /* Assets.xcassets */,
				F1AE55EB1E6EA808009FCB82 /* Info.plist */,
				F1AE55D41E6EA808009FCB82 /* Supporting Files */,
			);
			path = ProductC;
			sourceTree = "<group>";
		};
		F1AE55D41E6EA808009FCB82 /* Supporting Files */ = {
			isa = PBXGroup;
			children = (
				F1AE55D51E6EA808009FCB82 /* main.m */,
			);
			name = "Supporting Files";
			sourceTree = "<group>";
		};
		F1AE56001E6EA953009FCB82 /* Frameworks */ = {
			isa = PBXGroup;
			children = (
				F1D6BEB320AF9838008D6463 /* libCore.a */,
				F1AE56011E6EA954009FCB82 /* libCore.a */,
				F1AE56021E6EA954009FCB82 /* libMyLib.a */,
			);
			name = Frameworks;
			sourceTree = "<group>";
		};
		F1AE56051E6EA9FB009FCB82 /* Images */ = {
			isa = PBXGroup;
			children = (
				F1AE56081E6EAA49009FCB82 /* img1.png */,
			);
			name = Images;
			sourceTree = "<group>";
		};
		F1AE560A1E6EAAF9009FCB82 /* Config */ = {
			isa = PBXGroup;
			children = (
				F1D6BE7A20AF4D34008D6463 /* Module2_2PageView.xib */,
				963D91FC1E6FF20300C7F55C /* Module1PageView.xib */,
				F1AE560D1E6EAC0F009FCB82 /* config.plist */,
			);
			name = Config;
			sourceTree = "<group>";
		};
/* End PBXGroup section */

/* Begin PBXNativeTarget section */
		F1AE55D01E6EA808009FCB82 /* ProductC */ = {
			isa = PBXNativeTarget;
			buildConfigurationList = F1AE55EE1E6EA808009FCB82 /* Build configuration list for PBXNativeTarget "ProductC" */;
			buildPhases = (
				F1AE55CD1E6EA808009FCB82 /* Sources */,
				F1AE55CE1E6EA808009FCB82 /* Frameworks */,
				F1AE55CF1E6EA808009FCB82 /* Resources */,
			);
			buildRules = (
			);
			dependencies = (
			);
			name = ProductC;
			productName = ProductC;
			productReference = F1AE55D11E6EA808009FCB82 /* ProductC.app */;
			productType = "com.apple.product-type.application";
		};
/* End PBXNativeTarget section */

/* Begin PBXProject section */
		F1AE55C91E6EA808009FCB82 /* Project object */ = {
			isa = PBXProject;
			attributes = {
				LastUpgradeCheck = 0820;
				ORGANIZATIONNAME = jianqiang;
				TargetAttributes = {
					F1AE55D01E6EA808009FCB82 = {
						CreatedOnToolsVersion = 8.2.1;
						ProvisioningStyle = Automatic;
					};
				};
			};
			buildConfigurationList = F1AE55CC1E6EA808009FCB82 /* Build configuration list for PBXProject "ProductC" */;
			compatibilityVersion = "Xcode 3.2";
			developmentRegion = English;
			hasScannedForEncodings = 0;
			knownRegions = (
				en,
				Base,
			);
			mainGroup = F1AE55C81E6EA808009FCB82;
			productRefGroup = F1AE55D21E6EA808009FCB82 /* Products */;
			projectDirPath = "";
			projectRoot = "";
			targets = (
				F1AE55D01E6EA808009FCB82 /* ProductC */,
			);
		};
/* End PBXProject section */

/* Begin PBXResourcesBuildPhase section */
		F1AE55CF1E6EA808009FCB82 /* Resources */ = {
			isa = PBXResourcesBuildPhase;
			buildActionMask = 2147483647;
			files = (
				F1AE560E1E6EAC0F009FCB82 /* config.plist in Resources */,
				963D91FD1E6FF20300C7F55C /* Module1PageView.xib in Resources */,
				F1AE55E71E6EA808009FCB82 /* Assets.xcassets in Resources */,
				F1AE56591E6ECB4C009FCB82 /* CoreBundle1.bundle in Resources */,
				F1AE56091E6EAA49009FCB82 /* img1.png in Resources */,
				F1D6BE7B20AF4D34008D6463 /* Module2_2PageView.xib in Resources */,
			);
			runOnlyForDeploymentPostprocessing = 0;
		};
/* End PBXResourcesBuildPhase section */

/* Begin PBXSourcesBuildPhase section */
		F1AE55CD1E6EA808009FCB82 /* Sources */ = {
			isa = PBXSourcesBuildPhase;
			buildActionMask = 2147483647;
			files = (
				F1AE564E1E6EC43F009FCB82 /* AppDelegate.m in Sources */,
				963D92041E6FF34E00C7F55C /* Module1ViewController+Override.m in Sources */,
				F1D6BE7520AF4C69008D6463 /* Module2ViewController+Override.m in Sources */,
				F1AE55D61E6EA808009FCB82 /* main.m in Sources */,
			);
			runOnlyForDeploymentPostprocessing = 0;
		};
/* End PBXSourcesBuildPhase section */

/* Begin XCBuildConfiguration section */
		F1AE55EC1E6EA808009FCB82 /* Debug */ = {
			isa = XCBuildConfiguration;
			buildSettings = {
				ALWAYS_SEARCH_USER_PATHS = NO;
				CLANG_ANALYZER_NONNULL = YES;
				CLANG_CXX_LANGUAGE_STANDARD = "gnu++0x";
				CLANG_CXX_LIBRARY = "libc++";
				CLANG_ENABLE_MODULES = YES;
				CLANG_ENABLE_OBJC_ARC = YES;
				CLANG_WARN_BOOL_CONVERSION = YES;
				CLANG_WARN_CONSTANT_CONVERSION = YES;
				CLANG_WARN_DIRECT_OBJC_ISA_USAGE = YES_ERROR;
				CLANG_WARN_DOCUMENTATION_COMMENTS = YES;
				CLANG_WARN_EMPTY_BODY = YES;
				CLANG_WARN_ENUM_CONVERSION = YES;
				CLANG_WARN_INFINITE_RECURSION = YES;
				CLANG_WARN_INT_CONVERSION = YES;
				CLANG_WARN_OBJC_ROOT_CLASS = YES_ERROR;
				CLANG_WARN_SUSPICIOUS_MOVE = YES;
				CLANG_WARN_UNREACHABLE_CODE = YES;
				CLANG_WARN__DUPLICATE_METHOD_MATCH = YES;
				"CODE_SIGN_IDENTITY[sdk=iphoneos*]" = "iPhone Developer";
				COPY_PHASE_STRIP = NO;
				DEBUG_INFORMATION_FORMAT = dwarf;
				ENABLE_STRICT_OBJC_MSGSEND = YES;
				ENABLE_TESTABILITY = YES;
				GCC_C_LANGUAGE_STANDARD = gnu99;
				GCC_DYNAMIC_NO_PIC = NO;
				GCC_NO_COMMON_BLOCKS = YES;
				GCC_OPTIMIZATION_LEVEL = 0;
				GCC_PREPROCESSOR_DEFINITIONS = (
					"DEBUG=1",
					"$(inherited)",
				);
				GCC_WARN_64_TO_32_BIT_CONVERSION = YES;
				GCC_WARN_ABOUT_RETURN_TYPE = YES_ERROR;
				GCC_WARN_UNDECLARED_SELECTOR = YES;
				GCC_WARN_UNINITIALIZED_AUTOS = YES_AGGRESSIVE;
				GCC_WARN_UNUSED_FUNCTION = YES;
				GCC_WARN_UNUSED_VARIABLE = YES;
				IPHONEOS_DEPLOYMENT_TARGET = 10.2;
				MTL_ENABLE_DEBUG_INFO = YES;
				ONLY_ACTIVE_ARCH = YES;
				SDKROOT = iphoneos;
			};
			name = Debug;
		};
		F1AE55ED1E6EA808009FCB82 /* Release */ = {
			isa = XCBuildConfiguration;
			buildSettings = {
				ALWAYS_SEARCH_USER_PATHS = NO;
				CLANG_ANALYZER_NONNULL = YES;
				CLANG_CXX_LANGUAGE_STANDARD = "gnu++0x";
				CLANG_CXX_LIBRARY = "libc++";
				CLANG_ENABLE_MODULES = YES;
				CLANG_ENABLE_OBJC_ARC = YES;
				CLANG_WARN_BOOL_CONVERSION = YES;
				CLANG_WARN_CONSTANT_CONVERSION = YES;
				CLANG_WARN_DIRECT_OBJC_ISA_USAGE = YES_ERROR;
				CLANG_WARN_DOCUMENTATION_COMMENTS = YES;
				CLANG_WARN_EMPTY_BODY = YES;
				CLANG_WARN_ENUM_CONVERSION = YES;
				CLANG_WARN_INFINITE_RECURSION = YES;
				CLANG_WARN_INT_CONVERSION = YES;
				CLANG_WARN_OBJC_ROOT_CLASS = YES_ERROR;
				CLANG_WARN_SUSPICIOUS_MOVE = YES;
				CLANG_WARN_UNREACHABLE_CODE = YES;
				CLANG_WARN__DUPLICATE_METHOD_MATCH = YES;
				"CODE_SIGN_IDENTITY[sdk=iphoneos*]" = "iPhone Developer";
				COPY_PHASE_STRIP = NO;
				DEBUG_INFORMATION_FORMAT = "dwarf-with-dsym";
				ENABLE_NS_ASSERTIONS = NO;
				ENABLE_STRICT_OBJC_MSGSEND = YES;
				GCC_C_LANGUAGE_STANDARD = gnu99;
				GCC_NO_COMMON_BLOCKS = YES;
				GCC_WARN_64_TO_32_BIT_CONVERSION = YES;
				GCC_WARN_ABOUT_RETURN_TYPE = YES_ERROR;
				GCC_WARN_UNDECLARED_SELECTOR = YES;
				GCC_WARN_UNINITIALIZED_AUTOS = YES_AGGRESSIVE;
				GCC_WARN_UNUSED_FUNCTION = YES;
				GCC_WARN_UNUSED_VARIABLE = YES;
				IPHONEOS_DEPLOYMENT_TARGET = 10.2;
				MTL_ENABLE_DEBUG_INFO = NO;
				SDKROOT = iphoneos;
				VALIDATE_PRODUCT = YES;
			};
			name = Release;
		};
		F1AE55EF1E6EA808009FCB82 /* Debug */ = {
			isa = XCBuildConfiguration;
			buildSettings = {
				ASSETCATALOG_COMPILER_APPICON_NAME = AppIcon;
				HEADER_SEARCH_PATHS = (
					"../MyLib/**",
					"../Core/**",
				);
				INFOPLIST_FILE = ProductC/Info.plist;
				LD_RUNPATH_SEARCH_PATHS = "$(inherited) @executable_path/Frameworks";
				OTHER_LDFLAGS = "-ObjC";
				PRODUCT_BUNDLE_IDENTIFIER = com.jianqiang.ProductC;
				PRODUCT_NAME = "$(TARGET_NAME)";
			};
			name = Debug;
		};
		F1AE55F01E6EA808009FCB82 /* Release */ = {
			isa = XCBuildConfiguration;
			buildSettings = {
				ASSETCATALOG_COMPILER_APPICON_NAME = AppIcon;
				HEADER_SEARCH_PATHS = (
					"../MyLib/**",
					"../Core/**",
				);
				INFOPLIST_FILE = ProductC/Info.plist;
				LD_RUNPATH_SEARCH_PATHS = "$(inherited) @executable_path/Frameworks";
				OTHER_LDFLAGS = "-ObjC";
				PRODUCT_BUNDLE_IDENTIFIER = com.jianqiang.ProductC;
				PRODUCT_NAME = "$(TARGET_NAME)";
			};
			name = Release;
		};
/* End XCBuildConfiguration section */

/* Begin XCConfigurationList section */
		F1AE55CC1E6EA808009FCB82 /* Build configuration list for PBXProject "ProductC" */ = {
			isa = XCConfigurationList;
			buildConfigurations = (
				F1AE55EC1E6EA808009FCB82 /* Debug */,
				F1AE55ED1E6EA808009FCB82 /* Release */,
			);
			defaultConfigurationIsVisible = 0;
			defaultConfigurationName = Release;
		};
		F1AE55EE1E6EA808009FCB82 /* Build configuration list for PBXNativeTarget "ProductC" */ = {
			isa = XCConfigurationList;
			buildConfigurations = (
				F1AE55EF1E6EA808009FCB82 /* Debug */,
				F1AE55F01E6EA808009FCB82 /* Release */,
			);
			defaultConfigurationIsVisible = 0;
			defaultConfigurationName = Release;
		};
/* End XCConfigurationList section */
	};
	rootObject = F1AE55C91E6EA808009FCB82 /* Project object */;
}
